
Microsoft Visual Studio Solution File, Format Version 12.00
# Visual Studio Version 17
VisualStudioVersion = 17.0.31919.166
MinimumVisualStudioVersion = 10.0.40219.1
Project("{FAE04EC0-301F-11D3-BF4B-00C04F79EFBC}") = "SkiNet.Api", "API\SkiNet.Api\SkiNet.Api.csproj", "{F2B0271C-CAB4-43BE-BD97-B6742D78B529}"
EndProject
Project("{FAE04EC0-301F-11D3-BF4B-00C04F79EFBC}") = "SkiNet.Core", "Core\SkiNet.Core\SkiNet.Core.csproj", "{AA198B7E-1794-4CC0-ADDF-346718C994B1}"
EndProject
Project("{FAE04EC0-301F-11D3-BF4B-00C04F79EFBC}") = "SkiNet.Infrastructure", "Infrastructure\SkiNet.Infrastructure\SkiNet.Infrastructure.csproj", "{6A8C47C3-E109-49FE-9BB5-0D7A28821710}"
EndProject
Global
	GlobalSection(SolutionConfigurationPlatforms) = preSolution
		Debug|Any CPU = Debug|Any CPU
		Release|Any CPU = Release|Any CPU
	EndGlobalSection
	GlobalSection(ProjectConfigurationPlatforms) = postSolution
		{F2B0271C-CAB4-43BE-BD97-B6742D78B529}.Debug|Any CPU.ActiveCfg = Debug|Any CPU
		{F2B0271C-CAB4-43BE-BD97-B6742D78B529}.Debug|Any CPU.Build.0 = Debug|Any CPU
		{F2B0271C-CAB4-43BE-BD97-B6742D78B529}.Release|Any CPU.ActiveCfg = Release|Any CPU
		{F2B0271C-CAB4-43BE-BD97-B6742D78B529}.Release|Any CPU.Build.0 = Release|Any CPU
		{AA198B7E-1794-4CC0-ADDF-346718C994B1}.Debug|Any CPU.ActiveCfg = Debug|Any CPU
		{AA198B7E-1794-4CC0-ADDF-346718C994B1}.Debug|Any CPU.Build.0 = Debug|Any CPU
		{AA198B7E-1794-4CC0-ADDF-346718C994B1}.Release|Any CPU.ActiveCfg = Release|Any CPU
		{AA198B7E-1794-4CC0-ADDF-346718C994B1}.Release|Any CPU.Build.0 = Release|Any CPU
		{6A8C47C3-E109-49FE-9BB5-0D7A28821710}.Debug|Any CPU.ActiveCfg = Debug|Any CPU
		{6A8C47C3-E109-49FE-9BB5-0D7A28821710}.Debug|Any CPU.Build.0 = Debug|Any CPU
		{6A8C47C3-E109-49FE-9BB5-0D7A28821710}.Release|Any CPU.ActiveCfg = Release|Any CPU
		{6A8C47C3-E109-49FE-9BB5-0D7A28821710}.Release|Any CPU.Build.0 = Release|Any CPU
	EndGlobalSection
	GlobalSection(SolutionProperties) = preSolution
		HideSolutionNode = FALSE
	EndGlobalSection
	GlobalSection(ExtensibilityGlobals) = postSolution
		SolutionGuid = {1A780E33-9FAC-4C7D-A17C-FCE22FEF76E8}
	EndGlobalSection
EndGlobal
